
Microsoft Visual Studio Solution File, Format Version 12.00
# Visual Studio 15
VisualStudioVersion = 15.0.28307.539
MinimumVisualStudioVersion = 10.0.40219.1
Project("{FAE04EC0-301F-11D3-BF4B-00C04F79EFBC}") = "Lab3", "Lab3\Lab3.csproj", "{79E69A20-C049-439E-B176-C3466C8D84E1}"
EndProject
Global
	GlobalSection(SolutionConfigurationPlatforms) = preSolution
		Debug|Any CPU = Debug|Any CPU
		Release|Any CPU = Release|Any CPU
	EndGlobalSection
	GlobalSection(ProjectConfigurationPlatforms) = postSolution
		{79E69A20-C049-439E-B176-C3466C8D84E1}.Debug|Any CPU.ActiveCfg = Debug|Any CPU
		{79E69A20-C049-439E-B176-C3466C8D84E1}.Debug|Any CPU.Build.0 = Debug|Any CPU
		{79E69A20-C049-439E-B176-C3466C8D84E1}.Release|Any CPU.ActiveCfg = Release|Any CPU
		{79E69A20-C049-439E-B176-C3466C8D84E1}.Release|Any CPU.Build.0 = Release|Any CPU
	EndGlobalSection
	GlobalSection(SolutionProperties) = preSolution
		HideSolutionNode = FALSE
	EndGlobalSection
	GlobalSection(ExtensibilityGlobals) = postSolution
		SolutionGuid = {63E39C75-18ED-4A94-84D5-47041D6F396E}
	EndGlobalSection
EndGlobal
